{
    "_meta": {
        "hash": {
            "sha256": "ff7b8016a7a6a935a2b8d3ca638936205d670ad2798bf33ff2d4fc60df9e0e1c"
        },
        "pipfile-spec": 6,
        "requires": {
            "python_version": "3.10"
        },
        "sources": [
            {
                "name": "pypi",
                "url": "https://pypi.org/simple",
                "verify_ssl": true
            }
        ]
    },
    "default": {
        "easyprocess": {
            "hashes": [
                "sha256:82eed523a0a5eb12a81fa4eacd9f342caeb3f900eb4b798740e6696ad07e63f9",
                "sha256:885898302a57aab948973e8b5d32a4229392b9fb2d986ab1d4ffd590e5ba90ec"
            ],
            "version": "==1.1"
        },
        "entrypoint2": {
            "hashes": [
                "sha256:4d1f7609ae9fe9fa0f71406c0a278dd74f4adce70e1a445d87f08ebd26309c86",
                "sha256:67e906f6ad958d83f48b4edec28d7dd82670e9261988f6b4a6b63abc9fb3be56"
            ],
            "version": "==1.0"
        },
        "mss": {
            "hashes": [
                "sha256:2722c5c9211ce29b4f1497fc2c70faecf9cdcb7653fa7f0f88e2231a31949b93",
                "sha256:aebd069f3e05667fe9c7b9fa4b1771fe42a4710ce1058ce0236936ce06fa5394"
            ],
            "markers": "python_version > '3.4'",
            "version": "==6.1.0"
        },
        "pyscreenshot": {
            "hashes": [
                "sha256:bfdc311bd6ec1ee9e3c25ece75b24a749673ad5d5f89ee02950080023054ffd5",
                "sha256:f47e45b7aabf03d6b9a5971fde59eac024287d693eebd7eda532e5408d75343d"
            ],
            "index": "pypi",
            "version": "==2.3"
        }
    },
    "develop": {}
}
